{
  "originHash" : "75c90c0f65dab6238ea626fc3a7e50a6d2b24a4ce45e1d5e6e10196aa9c78201",
  "pins" : [
    {
      "identity" : "queue",
      "kind" : "remoteSourceControl",
      "location" : "https://github.com/mattmassicotte/Queue",
      "state" : {
        "revision" : "8d6f936097888f97011610ced40313655dc5948d",
        "version" : "0.1.4"
      }
    }
  ],
  "version" : 3
}
