{
  "originHash" : "ff30486ee71a01825e92896f3101f4817a0530bcdf66202ab9885fa6a2be32fa",
  "pins" : [
    {
      "identity" : "camerakit",
      "kind" : "remoteSourceControl",
      "location" : "https://github.com/macistador/CameraKit",
      "state" : {
        "revision" : "6237c0828dd90ba3b4b63706f61361c8bdf7d935",
        "version" : "0.0.1"
      }
    },
    {
      "identity" : "queue",
      "kind" : "remoteSourceControl",
      "location" : "https://github.com/mattmassicotte/Queue",
      "state" : {
        "revision" : "8d6f936097888f97011610ced40313655dc5948d",
        "version" : "0.1.4"
      }
    }
  ],
  "version" : 3
}
